
Microsoft Visual Studio Solution File, Format Version 12.00
# Visual Studio Version 17
VisualStudioVersion = 17.2.32616.157
MinimumVisualStudioVersion = 10.0.40219.1
Project("{FAE04EC0-301F-11D3-BF4B-00C04F79EFBC}") = "team.BlueApi", "team.BlueApi.csproj", "{B6C5EA73-E482-4C6F-B4E4-418E15D55425}"
EndProject
Global
	GlobalSection(SolutionConfigurationPlatforms) = preSolution
		Debug|Any CPU = Debug|Any CPU
		Release|Any CPU = Release|Any CPU
	EndGlobalSection
	GlobalSection(ProjectConfigurationPlatforms) = postSolution
		{B6C5EA73-E482-4C6F-B4E4-418E15D55425}.Debug|Any CPU.ActiveCfg = Debug|Any CPU
		{B6C5EA73-E482-4C6F-B4E4-418E15D55425}.Debug|Any CPU.Build.0 = Debug|Any CPU
		{B6C5EA73-E482-4C6F-B4E4-418E15D55425}.Release|Any CPU.ActiveCfg = Release|Any CPU
		{B6C5EA73-E482-4C6F-B4E4-418E15D55425}.Release|Any CPU.Build.0 = Release|Any CPU
	EndGlobalSection
	GlobalSection(SolutionProperties) = preSolution
		HideSolutionNode = FALSE
	EndGlobalSection
	GlobalSection(ExtensibilityGlobals) = postSolution
		SolutionGuid = {4628E8A0-38F3-4039-A4E2-408748A9A7DE}
	EndGlobalSection
EndGlobal
